
Microsoft Visual Studio Solution File, Format Version 12.00
# Visual Studio Version 16
VisualStudioVersion = 16.0.29209.62
MinimumVisualStudioVersion = 10.0.40219.1
Project("{FAE04EC0-301F-11D3-BF4B-00C04F79EFBC}") = "EjerciciosWebXML", "EjerciciosWeb\EjerciciosWebXML.csproj", "{5F85C12A-048B-4CF1-9914-826EE1C5BB8C}"
EndProject
Global
	GlobalSection(SolutionConfigurationPlatforms) = preSolution
		Debug|Any CPU = Debug|Any CPU
		Release|Any CPU = Release|Any CPU
	EndGlobalSection
	GlobalSection(ProjectConfigurationPlatforms) = postSolution
		{5F85C12A-048B-4CF1-9914-826EE1C5BB8C}.Debug|Any CPU.ActiveCfg = Debug|Any CPU
		{5F85C12A-048B-4CF1-9914-826EE1C5BB8C}.Debug|Any CPU.Build.0 = Debug|Any CPU
		{5F85C12A-048B-4CF1-9914-826EE1C5BB8C}.Release|Any CPU.ActiveCfg = Release|Any CPU
		{5F85C12A-048B-4CF1-9914-826EE1C5BB8C}.Release|Any CPU.Build.0 = Release|Any CPU
	EndGlobalSection
	GlobalSection(SolutionProperties) = preSolution
		HideSolutionNode = FALSE
	EndGlobalSection
	GlobalSection(ExtensibilityGlobals) = postSolution
		SolutionGuid = {A86CDB73-3CF7-4C25-90C9-B32A2966450C}
	EndGlobalSection
EndGlobal
