
Microsoft Visual Studio Solution File, Format Version 12.00
# Visual Studio Version 16
VisualStudioVersion = 16.0.29209.62
MinimumVisualStudioVersion = 10.0.40219.1
Project("{9A19103F-16F7-4668-BE54-9A1E7A4F7556}") = "Ejercicio1", "Ejercicio1\Ejercicio1.csproj", "{35629E22-324A-4672-89E0-2FF4E177A0E2}"
EndProject
Project("{9A19103F-16F7-4668-BE54-9A1E7A4F7556}") = "Ejercicio2", "Ejercicio2\Ejercicio2.csproj", "{AA80922D-32D1-4C96-A1E7-91F1733CCC1C}"
EndProject
Project("{9A19103F-16F7-4668-BE54-9A1E7A4F7556}") = "Ejercicio3", "Ejercicio3\Ejercicio3.csproj", "{BF9E3408-2C79-4FDA-9493-241923DA9EB2}"
EndProject
Project("{9A19103F-16F7-4668-BE54-9A1E7A4F7556}") = "Ejercicio4", "Ejercicio4\Ejercicio4.csproj", "{C87FFFC2-8A31-4D73-9E33-D93E3BDA140C}"
EndProject
Project("{9A19103F-16F7-4668-BE54-9A1E7A4F7556}") = "Ejercicio5", "Ejercicio5\Ejercicio5.csproj", "{0CC37CA5-8C99-4BBC-AD8E-489E86430FD3}"
EndProject
Project("{9A19103F-16F7-4668-BE54-9A1E7A4F7556}") = "Ejercicio6", "Ejercicio6\Ejercicio6.csproj", "{3FF6F17D-FB78-4316-BFC6-6CA166BB803E}"
EndProject
Project("{FAE04EC0-301F-11D3-BF4B-00C04F79EFBC}") = "Ejercicio7", "Ejercicio7\Ejercicio7.csproj", "{0EEAD450-FA85-4EAF-923A-4AEDE0604C7E}"
EndProject
Project("{FAE04EC0-301F-11D3-BF4B-00C04F79EFBC}") = "Ejercicio8", "Ejercicio8\Ejercicio8.csproj", "{DD69AF4B-DE1C-41C8-97FC-BCF7904EDBBB}"
EndProject
Project("{FAE04EC0-301F-11D3-BF4B-00C04F79EFBC}") = "Ejercicio9", "Ejercicio9\Ejercicio9.csproj", "{BFD0958E-BEA5-4F6C-A05C-0099C93E3333}"
EndProject
Project("{FAE04EC0-301F-11D3-BF4B-00C04F79EFBC}") = "Ejercicio10", "Ejercicio10\Ejercicio10.csproj", "{DE2F81CE-288B-4885-9FF6-6BD80D13B168}"
EndProject
Project("{FAE04EC0-301F-11D3-BF4B-00C04F79EFBC}") = "Ejercicio11", "Ejercicio11\Ejercicio11.csproj", "{415C70F9-4D74-48C8-AB38-F7847A0379CB}"
EndProject
Project("{FAE04EC0-301F-11D3-BF4B-00C04F79EFBC}") = "Ejercicio12", "Ejercicio12\Ejercicio12.csproj", "{6DF74290-38DA-4658-B1AD-1CC5209024C5}"
EndProject
Project("{FAE04EC0-301F-11D3-BF4B-00C04F79EFBC}") = "Ejercicio13", "Ejercicio13\Ejercicio13.csproj", "{E5FB1AF4-B00D-4F3D-BFDB-124257B0A5FA}"
EndProject
Project("{FAE04EC0-301F-11D3-BF4B-00C04F79EFBC}") = "Ejercicio14", "Ejercicio14\Ejercicio14.csproj", "{1512E960-EB83-436E-9A6A-6E808FA48C51}"
EndProject
Project("{FAE04EC0-301F-11D3-BF4B-00C04F79EFBC}") = "Ejercicio15", "Ejercicio15\Ejercicio15.csproj", "{9EA62FFA-FAE2-46AD-8CB4-285515FFF3A9}"
EndProject
Project("{FAE04EC0-301F-11D3-BF4B-00C04F79EFBC}") = "Ejercicio16", "Ejercicio16\Ejercicio16.csproj", "{7FA508D8-FDDA-4658-AB5F-8E1203C3BF07}"
EndProject
Global
	GlobalSection(SolutionConfigurationPlatforms) = preSolution
		Debug|Any CPU = Debug|Any CPU
		Release|Any CPU = Release|Any CPU
	EndGlobalSection
	GlobalSection(ProjectConfigurationPlatforms) = postSolution
		{35629E22-324A-4672-89E0-2FF4E177A0E2}.Debug|Any CPU.ActiveCfg = Debug|Any CPU
		{35629E22-324A-4672-89E0-2FF4E177A0E2}.Debug|Any CPU.Build.0 = Debug|Any CPU
		{35629E22-324A-4672-89E0-2FF4E177A0E2}.Release|Any CPU.ActiveCfg = Release|Any CPU
		{35629E22-324A-4672-89E0-2FF4E177A0E2}.Release|Any CPU.Build.0 = Release|Any CPU
		{AA80922D-32D1-4C96-A1E7-91F1733CCC1C}.Debug|Any CPU.ActiveCfg = Debug|Any CPU
		{AA80922D-32D1-4C96-A1E7-91F1733CCC1C}.Debug|Any CPU.Build.0 = Debug|Any CPU
		{AA80922D-32D1-4C96-A1E7-91F1733CCC1C}.Release|Any CPU.ActiveCfg = Release|Any CPU
		{AA80922D-32D1-4C96-A1E7-91F1733CCC1C}.Release|Any CPU.Build.0 = Release|Any CPU
		{BF9E3408-2C79-4FDA-9493-241923DA9EB2}.Debug|Any CPU.ActiveCfg = Debug|Any CPU
		{BF9E3408-2C79-4FDA-9493-241923DA9EB2}.Debug|Any CPU.Build.0 = Debug|Any CPU
		{BF9E3408-2C79-4FDA-9493-241923DA9EB2}.Release|Any CPU.ActiveCfg = Release|Any CPU
		{BF9E3408-2C79-4FDA-9493-241923DA9EB2}.Release|Any CPU.Build.0 = Release|Any CPU
		{C87FFFC2-8A31-4D73-9E33-D93E3BDA140C}.Debug|Any CPU.ActiveCfg = Debug|Any CPU
		{C87FFFC2-8A31-4D73-9E33-D93E3BDA140C}.Debug|Any CPU.Build.0 = Debug|Any CPU
		{C87FFFC2-8A31-4D73-9E33-D93E3BDA140C}.Release|Any CPU.ActiveCfg = Release|Any CPU
		{C87FFFC2-8A31-4D73-9E33-D93E3BDA140C}.Release|Any CPU.Build.0 = Release|Any CPU
		{0CC37CA5-8C99-4BBC-AD8E-489E86430FD3}.Debug|Any CPU.ActiveCfg = Debug|Any CPU
		{0CC37CA5-8C99-4BBC-AD8E-489E86430FD3}.Debug|Any CPU.Build.0 = Debug|Any CPU
		{0CC37CA5-8C99-4BBC-AD8E-489E86430FD3}.Release|Any CPU.ActiveCfg = Release|Any CPU
		{0CC37CA5-8C99-4BBC-AD8E-489E86430FD3}.Release|Any CPU.Build.0 = Release|Any CPU
		{3FF6F17D-FB78-4316-BFC6-6CA166BB803E}.Debug|Any CPU.ActiveCfg = Debug|Any CPU
		{3FF6F17D-FB78-4316-BFC6-6CA166BB803E}.Debug|Any CPU.Build.0 = Debug|Any CPU
		{3FF6F17D-FB78-4316-BFC6-6CA166BB803E}.Release|Any CPU.ActiveCfg = Release|Any CPU
		{3FF6F17D-FB78-4316-BFC6-6CA166BB803E}.Release|Any CPU.Build.0 = Release|Any CPU
		{0EEAD450-FA85-4EAF-923A-4AEDE0604C7E}.Debug|Any CPU.ActiveCfg = Debug|Any CPU
		{0EEAD450-FA85-4EAF-923A-4AEDE0604C7E}.Debug|Any CPU.Build.0 = Debug|Any CPU
		{0EEAD450-FA85-4EAF-923A-4AEDE0604C7E}.Release|Any CPU.ActiveCfg = Release|Any CPU
		{0EEAD450-FA85-4EAF-923A-4AEDE0604C7E}.Release|Any CPU.Build.0 = Release|Any CPU
		{DD69AF4B-DE1C-41C8-97FC-BCF7904EDBBB}.Debug|Any CPU.ActiveCfg = Debug|Any CPU
		{DD69AF4B-DE1C-41C8-97FC-BCF7904EDBBB}.Debug|Any CPU.Build.0 = Debug|Any CPU
		{DD69AF4B-DE1C-41C8-97FC-BCF7904EDBBB}.Release|Any CPU.ActiveCfg = Release|Any CPU
		{DD69AF4B-DE1C-41C8-97FC-BCF7904EDBBB}.Release|Any CPU.Build.0 = Release|Any CPU
		{BFD0958E-BEA5-4F6C-A05C-0099C93E3333}.Debug|Any CPU.ActiveCfg = Debug|Any CPU
		{BFD0958E-BEA5-4F6C-A05C-0099C93E3333}.Debug|Any CPU.Build.0 = Debug|Any CPU
		{BFD0958E-BEA5-4F6C-A05C-0099C93E3333}.Release|Any CPU.ActiveCfg = Release|Any CPU
		{BFD0958E-BEA5-4F6C-A05C-0099C93E3333}.Release|Any CPU.Build.0 = Release|Any CPU
		{DE2F81CE-288B-4885-9FF6-6BD80D13B168}.Debug|Any CPU.ActiveCfg = Debug|Any CPU
		{DE2F81CE-288B-4885-9FF6-6BD80D13B168}.Debug|Any CPU.Build.0 = Debug|Any CPU
		{DE2F81CE-288B-4885-9FF6-6BD80D13B168}.Release|Any CPU.ActiveCfg = Release|Any CPU
		{DE2F81CE-288B-4885-9FF6-6BD80D13B168}.Release|Any CPU.Build.0 = Release|Any CPU
		{415C70F9-4D74-48C8-AB38-F7847A0379CB}.Debug|Any CPU.ActiveCfg = Debug|Any CPU
		{415C70F9-4D74-48C8-AB38-F7847A0379CB}.Debug|Any CPU.Build.0 = Debug|Any CPU
		{415C70F9-4D74-48C8-AB38-F7847A0379CB}.Release|Any CPU.ActiveCfg = Release|Any CPU
		{415C70F9-4D74-48C8-AB38-F7847A0379CB}.Release|Any CPU.Build.0 = Release|Any CPU
		{6DF74290-38DA-4658-B1AD-1CC5209024C5}.Debug|Any CPU.ActiveCfg = Debug|Any CPU
		{6DF74290-38DA-4658-B1AD-1CC5209024C5}.Debug|Any CPU.Build.0 = Debug|Any CPU
		{6DF74290-38DA-4658-B1AD-1CC5209024C5}.Release|Any CPU.ActiveCfg = Release|Any CPU
		{6DF74290-38DA-4658-B1AD-1CC5209024C5}.Release|Any CPU.Build.0 = Release|Any CPU
		{E5FB1AF4-B00D-4F3D-BFDB-124257B0A5FA}.Debug|Any CPU.ActiveCfg = Debug|Any CPU
		{E5FB1AF4-B00D-4F3D-BFDB-124257B0A5FA}.Debug|Any CPU.Build.0 = Debug|Any CPU
		{E5FB1AF4-B00D-4F3D-BFDB-124257B0A5FA}.Release|Any CPU.ActiveCfg = Release|Any CPU
		{E5FB1AF4-B00D-4F3D-BFDB-124257B0A5FA}.Release|Any CPU.Build.0 = Release|Any CPU
		{1512E960-EB83-436E-9A6A-6E808FA48C51}.Debug|Any CPU.ActiveCfg = Debug|Any CPU
		{1512E960-EB83-436E-9A6A-6E808FA48C51}.Debug|Any CPU.Build.0 = Debug|Any CPU
		{1512E960-EB83-436E-9A6A-6E808FA48C51}.Release|Any CPU.ActiveCfg = Release|Any CPU
		{1512E960-EB83-436E-9A6A-6E808FA48C51}.Release|Any CPU.Build.0 = Release|Any CPU
		{9EA62FFA-FAE2-46AD-8CB4-285515FFF3A9}.Debug|Any CPU.ActiveCfg = Debug|Any CPU
		{9EA62FFA-FAE2-46AD-8CB4-285515FFF3A9}.Debug|Any CPU.Build.0 = Debug|Any CPU
		{9EA62FFA-FAE2-46AD-8CB4-285515FFF3A9}.Release|Any CPU.ActiveCfg = Release|Any CPU
		{9EA62FFA-FAE2-46AD-8CB4-285515FFF3A9}.Release|Any CPU.Build.0 = Release|Any CPU
		{7FA508D8-FDDA-4658-AB5F-8E1203C3BF07}.Debug|Any CPU.ActiveCfg = Debug|Any CPU
		{7FA508D8-FDDA-4658-AB5F-8E1203C3BF07}.Debug|Any CPU.Build.0 = Debug|Any CPU
		{7FA508D8-FDDA-4658-AB5F-8E1203C3BF07}.Release|Any CPU.ActiveCfg = Release|Any CPU
		{7FA508D8-FDDA-4658-AB5F-8E1203C3BF07}.Release|Any CPU.Build.0 = Release|Any CPU
	EndGlobalSection
	GlobalSection(SolutionProperties) = preSolution
		HideSolutionNode = FALSE
	EndGlobalSection
	GlobalSection(ExtensibilityGlobals) = postSolution
		SolutionGuid = {20EE7DF2-D3A5-42D2-A812-1AEF2C41D969}
	EndGlobalSection
EndGlobal
